// !$*UTF8*$!
{
	archiveVersion = 1;
	classes = {
	};
	objectVersion = 46;
	objects = {

/* Begin PBXBuildFile section */
		5061E38018B39DB90065FF91 /* NSDictionary+NSPURLEncodedParameters.m in Sources */ = {isa = PBXBuildFile; fileRef = 5061E37F18B39DB90065FF91 /* NSDictionary+NSPURLEncodedParameters.m */; };
		5061E38618B3A6040065FF91 /* NSPHTTPConstants.m in Sources */ = {isa = PBXBuildFile; fileRef = 5061E38518B3A6040065FF91 /* NSPHTTPConstants.m */; };
		5061E38918B3A9650065FF91 /* NSURLRequest+NSPHTTPHeaderValues.m in Sources */ = {isa = PBXBuildFile; fileRef = 5061E38818B3A9650065FF91 /* NSURLRequest+NSPHTTPHeaderValues.m */; };
		5078F43218AA19AB00770EBC /* NSString+NSPParagraphIndex.m in Sources */ = {isa = PBXBuildFile; fileRef = 5078F43118AA19AB00770EBC /* NSString+NSPParagraphIndex.m */; };
		509B2EA618B4DA5100C76D2D /* NSPHTTPConstants.m in Sources */ = {isa = PBXBuildFile; fileRef = 509B2EA518B4DA5100C76D2D /* NSPHTTPConstants.m */; };
		50B7728618B5515900D586AB /* NSMutableData+NSPAppend.m in Sources */ = {isa = PBXBuildFile; fileRef = 50B7728518B5515900D586AB /* NSMutableData+NSPAppend.m */; };
		50BBEECD18A0497E00AEE1CC /* NSMutableAttributedString+NSPString.m in Sources */ = {isa = PBXBuildFile; fileRef = 50BBEECC18A0497E00AEE1CC /* NSMutableAttributedString+NSPString.m */; };
		50BBEED018A04A4600AEE1CC /* NSMutableAttributedString+NSPRemoveAttributes.m in Sources */ = {isa = PBXBuildFile; fileRef = 50BBEECF18A04A4600AEE1CC /* NSMutableAttributedString+NSPRemoveAttributes.m */; };
		50C2CAC218B1D43A0021E514 /* NSFileManager+NSPURLForDirectoryInDomain.m in Sources */ = {isa = PBXBuildFile; fileRef = 50C2CAC118B1D43A0021E514 /* NSFileManager+NSPURLForDirectoryInDomain.m */; };
		50C2CB2518B2C70C0021E514 /* NSURL+NSPURLWithoutParameters.m in Sources */ = {isa = PBXBuildFile; fileRef = 50C2CB2418B2C70C0021E514 /* NSURL+NSPURLWithoutParameters.m */; };
		50C5F297186991B80057564D /* Foundation.framework in Frameworks */ = {isa = PBXBuildFile; fileRef = 50C5F296186991B80057564D /* Foundation.framework */; };
		50C5F2D6186992550057564D /* NSBundle+NSPPreferedLocalization.m in Sources */ = {isa = PBXBuildFile; fileRef = 50C5F2BD186992550057564D /* NSBundle+NSPPreferedLocalization.m */; };
		50C5F2D8186992550057564D /* NSData+NSPHexadecimalString.m in Sources */ = {isa = PBXBuildFile; fileRef = 50C5F2C1186992550057564D /* NSData+NSPHexadecimalString.m */; };
		50C5F2D9186992550057564D /* NSFileCoordinator+NSPCoordinateItem.m in Sources */ = {isa = PBXBuildFile; fileRef = 50C5F2C3186992550057564D /* NSFileCoordinator+NSPCoordinateItem.m */; };
		50C5F2DA186992550057564D /* NSHTTPURLResponse+NSPHeaderFields.m in Sources */ = {isa = PBXBuildFile; fileRef = 50C5F2C7186992550057564D /* NSHTTPURLResponse+NSPHeaderFields.m */; };
		50C5F2DB186992550057564D /* NSOperationQueue+NSPCancelOperations.m in Sources */ = {isa = PBXBuildFile; fileRef = 50C5F2C9186992550057564D /* NSOperationQueue+NSPCancelOperations.m */; };
		50C5F2DC186992550057564D /* NSPReachability.m in Sources */ = {isa = PBXBuildFile; fileRef = 50C5F2CB186992550057564D /* NSPReachability.m */; };
		50C5F2DD186992550057564D /* NSPTimeIntervalFormatter.m in Sources */ = {isa = PBXBuildFile; fileRef = 50C5F2CD186992550057564D /* NSPTimeIntervalFormatter.m */; };
		50C5F2DE186992550057564D /* NSString+NSPOSType.m in Sources */ = {isa = PBXBuildFile; fileRef = 50C5F2CF186992550057564D /* NSString+NSPOSType.m */; };
		50C5F2DF186992550057564D /* NSString+NSPVersion.m in Sources */ = {isa = PBXBuildFile; fileRef = 50C5F2D1186992550057564D /* NSString+NSPVersion.m */; };
		50C5F2E0186992550057564D /* NSURL+NSPAppStoreSupport.m in Sources */ = {isa = PBXBuildFile; fileRef = 50C5F2D3186992550057564D /* NSURL+NSPAppStoreSupport.m */; };
		50C5F2E1186992550057564D /* NSUserDefaults+AccessorForType.m in Sources */ = {isa = PBXBuildFile; fileRef = 50C5F2D5186992550057564D /* NSUserDefaults+AccessorForType.m */; };
/* End PBXBuildFile section */

/* Begin PBXCopyFilesBuildPhase section */
		50C5F291186991B80057564D /* CopyFiles */ = {
			isa = PBXCopyFilesBuildPhase;
			buildActionMask = 2147483647;
			dstPath = "include/$(PRODUCT_NAME)";
			dstSubfolderSpec = 16;
			files = (
			);
			runOnlyForDeploymentPostprocessing = 0;
		};
/* End PBXCopyFilesBuildPhase section */

/* Begin PBXFileReference section */
		5061E37E18B39DB90065FF91 /* NSDictionary+NSPURLEncodedParameters.h */ = {isa = PBXFileReference; fileEncoding = 4; lastKnownFileType = sourcecode.c.h; path = "NSDictionary+NSPURLEncodedParameters.h"; sourceTree = "<group>"; };
		5061E37F18B39DB90065FF91 /* NSDictionary+NSPURLEncodedParameters.m */ = {isa = PBXFileReference; fileEncoding = 4; lastKnownFileType = sourcecode.c.objc; path = "NSDictionary+NSPURLEncodedParameters.m"; sourceTree = "<group>"; };
		5061E38418B3A6040065FF91 /* NSPHTTPConstants.h */ = {isa = PBXFileReference; fileEncoding = 4; lastKnownFileType = sourcecode.c.h; path = NSPHTTPConstants.h; sourceTree = "<group>"; };
		5061E38518B3A6040065FF91 /* NSPHTTPConstants.m */ = {isa = PBXFileReference; fileEncoding = 4; lastKnownFileType = sourcecode.c.objc; path = NSPHTTPConstants.m; sourceTree = "<group>"; };
		5061E38718B3A9650065FF91 /* NSURLRequest+NSPHTTPHeaderValues.h */ = {isa = PBXFileReference; fileEncoding = 4; lastKnownFileType = sourcecode.c.h; path = "NSURLRequest+NSPHTTPHeaderValues.h"; sourceTree = "<group>"; };
		5061E38818B3A9650065FF91 /* NSURLRequest+NSPHTTPHeaderValues.m */ = {isa = PBXFileReference; fileEncoding = 4; lastKnownFileType = sourcecode.c.objc; path = "NSURLRequest+NSPHTTPHeaderValues.m"; sourceTree = "<group>"; };
		5078F43018AA19AB00770EBC /* NSString+NSPParagraphIndex.h */ = {isa = PBXFileReference; fileEncoding = 4; lastKnownFileType = sourcecode.c.h; path = "NSString+NSPParagraphIndex.h"; sourceTree = "<group>"; };
		5078F43118AA19AB00770EBC /* NSString+NSPParagraphIndex.m */ = {isa = PBXFileReference; fileEncoding = 4; lastKnownFileType = sourcecode.c.objc; path = "NSString+NSPParagraphIndex.m"; sourceTree = "<group>"; };
		509B2EA418B4DA5100C76D2D /* NSPHTTPConstants.h */ = {isa = PBXFileReference; fileEncoding = 4; lastKnownFileType = sourcecode.c.h; path = NSPHTTPConstants.h; sourceTree = "<group>"; };
		509B2EA518B4DA5100C76D2D /* NSPHTTPConstants.m */ = {isa = PBXFileReference; fileEncoding = 4; lastKnownFileType = sourcecode.c.objc; path = NSPHTTPConstants.m; sourceTree = "<group>"; };
		50B7728418B5515900D586AB /* NSMutableData+NSPAppend.h */ = {isa = PBXFileReference; fileEncoding = 4; lastKnownFileType = sourcecode.c.h; path = "NSMutableData+NSPAppend.h"; sourceTree = "<group>"; };
		50B7728518B5515900D586AB /* NSMutableData+NSPAppend.m */ = {isa = PBXFileReference; fileEncoding = 4; lastKnownFileType = sourcecode.c.objc; path = "NSMutableData+NSPAppend.m"; sourceTree = "<group>"; };
		50BBEECB18A0497E00AEE1CC /* NSMutableAttributedString+NSPString.h */ = {isa = PBXFileReference; fileEncoding = 4; lastKnownFileType = sourcecode.c.h; path = "NSMutableAttributedString+NSPString.h"; sourceTree = "<group>"; };
		50BBEECC18A0497E00AEE1CC /* NSMutableAttributedString+NSPString.m */ = {isa = PBXFileReference; fileEncoding = 4; lastKnownFileType = sourcecode.c.objc; path = "NSMutableAttributedString+NSPString.m"; sourceTree = "<group>"; };
		50BBEECE18A04A4600AEE1CC /* NSMutableAttributedString+NSPRemoveAttributes.h */ = {isa = PBXFileReference; fileEncoding = 4; lastKnownFileType = sourcecode.c.h; path = "NSMutableAttributedString+NSPRemoveAttributes.h"; sourceTree = "<group>"; };
		50BBEECF18A04A4600AEE1CC /* NSMutableAttributedString+NSPRemoveAttributes.m */ = {isa = PBXFileReference; fileEncoding = 4; lastKnownFileType = sourcecode.c.objc; path = "NSMutableAttributedString+NSPRemoveAttributes.m"; sourceTree = "<group>"; };
		50C2CAC018B1D43A0021E514 /* NSFileManager+NSPURLForDirectoryInDomain.h */ = {isa = PBXFileReference; fileEncoding = 4; lastKnownFileType = sourcecode.c.h; path = "NSFileManager+NSPURLForDirectoryInDomain.h"; sourceTree = "<group>"; };
		50C2CAC118B1D43A0021E514 /* NSFileManager+NSPURLForDirectoryInDomain.m */ = {isa = PBXFileReference; fileEncoding = 4; lastKnownFileType = sourcecode.c.objc; path = "NSFileManager+NSPURLForDirectoryInDomain.m"; sourceTree = "<group>"; };
		50C2CB2318B2C70C0021E514 /* NSURL+NSPURLWithoutParameters.h */ = {isa = PBXFileReference; fileEncoding = 4; lastKnownFileType = sourcecode.c.h; path = "NSURL+NSPURLWithoutParameters.h"; sourceTree = "<group>"; };
		50C2CB2418B2C70C0021E514 /* NSURL+NSPURLWithoutParameters.m */ = {isa = PBXFileReference; fileEncoding = 4; lastKnownFileType = sourcecode.c.objc; path = "NSURL+NSPURLWithoutParameters.m"; sourceTree = "<group>"; };
		50C5F293186991B80057564D /* libNSFoundationPlus.a */ = {isa = PBXFileReference; explicitFileType = archive.ar; includeInIndex = 0; path = libNSFoundationPlus.a; sourceTree = BUILT_PRODUCTS_DIR; };
		50C5F296186991B80057564D /* Foundation.framework */ = {isa = PBXFileReference; lastKnownFileType = wrapper.framework; name = Foundation.framework; path = System/Library/Frameworks/Foundation.framework; sourceTree = SDKROOT; };
		50C5F2A4186991B80057564D /* XCTest.framework */ = {isa = PBXFileReference; lastKnownFileType = wrapper.framework; name = XCTest.framework; path = Library/Frameworks/XCTest.framework; sourceTree = DEVELOPER_DIR; };
		50C5F2A7186991B80057564D /* UIKit.framework */ = {isa = PBXFileReference; lastKnownFileType = wrapper.framework; name = UIKit.framework; path = Library/Frameworks/UIKit.framework; sourceTree = DEVELOPER_DIR; };
		50C5F2BC186992550057564D /* NSBundle+NSPPreferedLocalization.h */ = {isa = PBXFileReference; fileEncoding = 4; lastKnownFileType = sourcecode.c.h; path = "NSBundle+NSPPreferedLocalization.h"; sourceTree = "<group>"; };
		50C5F2BD186992550057564D /* NSBundle+NSPPreferedLocalization.m */ = {isa = PBXFileReference; fileEncoding = 4; lastKnownFileType = sourcecode.c.objc; path = "NSBundle+NSPPreferedLocalization.m"; sourceTree = "<group>"; };
		50C5F2C0186992550057564D /* NSData+NSPHexadecimalString.h */ = {isa = PBXFileReference; fileEncoding = 4; lastKnownFileType = sourcecode.c.h; path = "NSData+NSPHexadecimalString.h"; sourceTree = "<group>"; };
		50C5F2C1186992550057564D /* NSData+NSPHexadecimalString.m */ = {isa = PBXFileReference; fileEncoding = 4; lastKnownFileType = sourcecode.c.objc; path = "NSData+NSPHexadecimalString.m"; sourceTree = "<group>"; };
		50C5F2C2186992550057564D /* NSFileCoordinator+NSPCoordinateItem.h */ = {isa = PBXFileReference; fileEncoding = 4; lastKnownFileType = sourcecode.c.h; path = "NSFileCoordinator+NSPCoordinateItem.h"; sourceTree = "<group>"; };
		50C5F2C3186992550057564D /* NSFileCoordinator+NSPCoordinateItem.m */ = {isa = PBXFileReference; fileEncoding = 4; lastKnownFileType = sourcecode.c.objc; path = "NSFileCoordinator+NSPCoordinateItem.m"; sourceTree = "<group>"; };
		50C5F2C4186992550057564D /* NSFoundationPlus-Prefix.pch */ = {isa = PBXFileReference; fileEncoding = 4; lastKnownFileType = sourcecode.c.h; path = "NSFoundationPlus-Prefix.pch"; sourceTree = "<group>"; };
		50C5F2C5186992550057564D /* NSFoundationPlus.h */ = {isa = PBXFileReference; fileEncoding = 4; lastKnownFileType = sourcecode.c.h; path = NSFoundationPlus.h; sourceTree = "<group>"; };
		50C5F2C6186992550057564D /* NSHTTPURLResponse+NSPHeaderFields.h */ = {isa = PBXFileReference; fileEncoding = 4; lastKnownFileType = sourcecode.c.h; path = "NSHTTPURLResponse+NSPHeaderFields.h"; sourceTree = "<group>"; };
		50C5F2C7186992550057564D /* NSHTTPURLResponse+NSPHeaderFields.m */ = {isa = PBXFileReference; fileEncoding = 4; lastKnownFileType = sourcecode.c.objc; path = "NSHTTPURLResponse+NSPHeaderFields.m"; sourceTree = "<group>"; };
		50C5F2C8186992550057564D /* NSOperationQueue+NSPCancelOperations.h */ = {isa = PBXFileReference; fileEncoding = 4; lastKnownFileType = sourcecode.c.h; path = "NSOperationQueue+NSPCancelOperations.h"; sourceTree = "<group>"; };
		50C5F2C9186992550057564D /* NSOperationQueue+NSPCancelOperations.m */ = {isa = PBXFileReference; fileEncoding = 4; lastKnownFileType = sourcecode.c.objc; path = "NSOperationQueue+NSPCancelOperations.m"; sourceTree = "<group>"; };
		50C5F2CA186992550057564D /* NSPReachability.h */ = {isa = PBXFileReference; fileEncoding = 4; lastKnownFileType = sourcecode.c.h; path = NSPReachability.h; sourceTree = "<group>"; };
		50C5F2CB186992550057564D /* NSPReachability.m */ = {isa = PBXFileReference; fileEncoding = 4; lastKnownFileType = sourcecode.c.objc; path = NSPReachability.m; sourceTree = "<group>"; };
		50C5F2CC186992550057564D /* NSPTimeIntervalFormatter.h */ = {isa = PBXFileReference; fileEncoding = 4; lastKnownFileType = sourcecode.c.h; path = NSPTimeIntervalFormatter.h; sourceTree = "<group>"; };
		50C5F2CD186992550057564D /* NSPTimeIntervalFormatter.m */ = {isa = PBXFileReference; fileEncoding = 4; lastKnownFileType = sourcecode.c.objc; path = NSPTimeIntervalFormatter.m; sourceTree = "<group>"; };
		50C5F2CE186992550057564D /* NSString+NSPOSType.h */ = {isa = PBXFileReference; fileEncoding = 4; lastKnownFileType = sourcecode.c.h; path = "NSString+NSPOSType.h"; sourceTree = "<group>"; };
		50C5F2CF186992550057564D /* NSString+NSPOSType.m */ = {isa = PBXFileReference; fileEncoding = 4; lastKnownFileType = sourcecode.c.objc; path = "NSString+NSPOSType.m"; sourceTree = "<group>"; };
		50C5F2D0186992550057564D /* NSString+NSPVersion.h */ = {isa = PBXFileReference; fileEncoding = 4; lastKnownFileType = sourcecode.c.h; path = "NSString+NSPVersion.h"; sourceTree = "<group>"; };
		50C5F2D1186992550057564D /* NSString+NSPVersion.m */ = {isa = PBXFileReference; fileEncoding = 4; lastKnownFileType = sourcecode.c.objc; path = "NSString+NSPVersion.m"; sourceTree = "<group>"; };
		50C5F2D2186992550057564D /* NSURL+NSPAppStoreSupport.h */ = {isa = PBXFileReference; fileEncoding = 4; lastKnownFileType = sourcecode.c.h; path = "NSURL+NSPAppStoreSupport.h"; sourceTree = "<group>"; };
		50C5F2D3186992550057564D /* NSURL+NSPAppStoreSupport.m */ = {isa = PBXFileReference; fileEncoding = 4; lastKnownFileType = sourcecode.c.objc; path = "NSURL+NSPAppStoreSupport.m"; sourceTree = "<group>"; };
		50C5F2D4186992550057564D /* NSUserDefaults+AccessorForType.h */ = {isa = PBXFileReference; fileEncoding = 4; lastKnownFileType = sourcecode.c.h; path = "NSUserDefaults+AccessorForType.h"; sourceTree = "<group>"; };
		50C5F2D5186992550057564D /* NSUserDefaults+AccessorForType.m */ = {isa = PBXFileReference; fileEncoding = 4; lastKnownFileType = sourcecode.c.objc; path = "NSUserDefaults+AccessorForType.m"; sourceTree = "<group>"; };
/* End PBXFileReference section */

/* Begin PBXFrameworksBuildPhase section */
		50C5F290186991B80057564D /* Frameworks */ = {
			isa = PBXFrameworksBuildPhase;
			buildActionMask = 2147483647;
			files = (
				50C5F297186991B80057564D /* Foundation.framework in Frameworks */,
			);
			runOnlyForDeploymentPostprocessing = 0;
		};
/* End PBXFrameworksBuildPhase section */

/* Begin PBXGroup section */
		50C5F28A186991B80057564D = {
			isa = PBXGroup;
			children = (
				50C5F298186991B80057564D /* NSFoundationPlus */,
				50C5F295186991B80057564D /* Frameworks */,
				50C5F294186991B80057564D /* Products */,
			);
			sourceTree = "<group>";
		};
		50C5F294186991B80057564D /* Products */ = {
			isa = PBXGroup;
			children = (
				50C5F293186991B80057564D /* libNSFoundationPlus.a */,
			);
			name = Products;
			sourceTree = "<group>";
		};
		50C5F295186991B80057564D /* Frameworks */ = {
			isa = PBXGroup;
			children = (
				50C5F296186991B80057564D /* Foundation.framework */,
				50C5F2A4186991B80057564D /* XCTest.framework */,
				50C5F2A7186991B80057564D /* UIKit.framework */,
			);
			name = Frameworks;
			sourceTree = "<group>";
		};
		50C5F298186991B80057564D /* NSFoundationPlus */ = {
			isa = PBXGroup;
			children = (
				50C5F2C4186992550057564D /* NSFoundationPlus-Prefix.pch */,
				50C5F2C5186992550057564D /* NSFoundationPlus.h */,
				50C5F2BC186992550057564D /* NSBundle+NSPPreferedLocalization.h */,
				50C5F2BD186992550057564D /* NSBundle+NSPPreferedLocalization.m */,
				50C5F2C0186992550057564D /* NSData+NSPHexadecimalString.h */,
				50C5F2C1186992550057564D /* NSData+NSPHexadecimalString.m */,
				50C5F2C2186992550057564D /* NSFileCoordinator+NSPCoordinateItem.h */,
				50C5F2C3186992550057564D /* NSFileCoordinator+NSPCoordinateItem.m */,
				50C2CAC018B1D43A0021E514 /* NSFileManager+NSPURLForDirectoryInDomain.h */,
				50C2CAC118B1D43A0021E514 /* NSFileManager+NSPURLForDirectoryInDomain.m */,
				50C5F2C6186992550057564D /* NSHTTPURLResponse+NSPHeaderFields.h */,
				50C5F2C7186992550057564D /* NSHTTPURLResponse+NSPHeaderFields.m */,
				50BBEECB18A0497E00AEE1CC /* NSMutableAttributedString+NSPString.h */,
				50BBEECC18A0497E00AEE1CC /* NSMutableAttributedString+NSPString.m */,
				50BBEECE18A04A4600AEE1CC /* NSMutableAttributedString+NSPRemoveAttributes.h */,
				50BBEECF18A04A4600AEE1CC /* NSMutableAttributedString+NSPRemoveAttributes.m */,
				50B7728418B5515900D586AB /* NSMutableData+NSPAppend.h */,
				50B7728518B5515900D586AB /* NSMutableData+NSPAppend.m */,
				50C5F2C8186992550057564D /* NSOperationQueue+NSPCancelOperations.h */,
				50C5F2C9186992550057564D /* NSOperationQueue+NSPCancelOperations.m */,
				5061E38418B3A6040065FF91 /* NSPHTTPConstants.h */,
				5061E38518B3A6040065FF91 /* NSPHTTPConstants.m */,
				509B2EA418B4DA5100C76D2D /* NSPHTTPConstants.h */,
				509B2EA518B4DA5100C76D2D /* NSPHTTPConstants.m */,
project.pbxproj
				50C5F2CA186992550057564D /* NSPReachability.h */,
				50C5F2CB186992550057564D /* NSPReachability.m */,
				50C5F2CC186992550057564D /* NSPTimeIntervalFormatter.h */,
				50C5F2CD186992550057564D /* NSPTimeIntervalFormatter.m */,
				50C5F2CE186992550057564D /* NSString+NSPOSType.h */,
				50C5F2CF186992550057564D /* NSString+NSPOSType.m */,
				5078F43018AA19AB00770EBC /* NSString+NSPParagraphIndex.h */,
				5078F43118AA19AB00770EBC /* NSString+NSPParagraphIndex.m */,
				50C5F2D0186992550057564D /* NSString+NSPVersion.h */,
				50C5F2D1186992550057564D /* NSString+NSPVersion.m */,
				50C5F2D2186992550057564D /* NSURL+NSPAppStoreSupport.h */,
				50C5F2D3186992550057564D /* NSURL+NSPAppStoreSupport.m */,
				50C2CB2318B2C70C0021E514 /* NSURL+NSPURLWithoutParameters.h */,
				50C2CB2418B2C70C0021E514 /* NSURL+NSPURLWithoutParameters.m */,
				5061E38718B3A9650065FF91 /* NSURLRequest+NSPHTTPHeaderValues.h */,
				5061E38818B3A9650065FF91 /* NSURLRequest+NSPHTTPHeaderValues.m */,
				50C5F2D4186992550057564D /* NSUserDefaults+AccessorForType.h */,
				50C5F2D5186992550057564D /* NSUserDefaults+AccessorForType.m */,
				5061E37E18B39DB90065FF91 /* NSDictionary+NSPURLEncodedParameters.h */,
				5061E37F18B39DB90065FF91 /* NSDictionary+NSPURLEncodedParameters.m */,
			);
			name = NSFoundationPlus;
			sourceTree = "<group>";
		};
/* End PBXGroup section */

/* Begin PBXNativeTarget section */
		50C5F292186991B80057564D /* NSFoundationPlus */ = {
			isa = PBXNativeTarget;
			buildConfigurationList = 50C5F2B6186991B80057564D /* Build configuration list for PBXNativeTarget "NSFoundationPlus" */;
			buildPhases = (
				50C5F28F186991B80057564D /* Sources */,
				50C5F290186991B80057564D /* Frameworks */,
				50C5F291186991B80057564D /* CopyFiles */,
			);
			buildRules = (
			);
			dependencies = (
			);
			name = NSFoundationPlus;
			productName = NSFoundationPlus;
			productReference = 50C5F293186991B80057564D /* libNSFoundationPlus.a */;
			productType = "com.apple.product-type.library.static";
		};
/* End PBXNativeTarget section */

/* Begin PBXProject section */
		50C5F28B186991B80057564D /* Project object */ = {
			isa = PBXProject;
			attributes = {
				LastUpgradeCheck = 0500;
				ORGANIZATIONNAME = McZonk;
			};
			buildConfigurationList = 50C5F28E186991B80057564D /* Build configuration list for PBXProject "NSFoundationPlus-iOS" */;
			compatibilityVersion = "Xcode 3.2";
			developmentRegion = English;
			hasScannedForEncodings = 0;
			knownRegions = (
				en,
			);
			mainGroup = 50C5F28A186991B80057564D;
			productRefGroup = 50C5F294186991B80057564D /* Products */;
			projectDirPath = "";
			projectRoot = "";
			targets = (
				50C5F292186991B80057564D /* NSFoundationPlus */,
			);
		};
/* End PBXProject section */

/* Begin PBXSourcesBuildPhase section */
		50C5F28F186991B80057564D /* Sources */ = {
			isa = PBXSourcesBuildPhase;
			buildActionMask = 2147483647;
			files = (
				5061E38918B3A9650065FF91 /* NSURLRequest+NSPHTTPHeaderValues.m in Sources */,
				50C5F2DB186992550057564D /* NSOperationQueue+NSPCancelOperations.m in Sources */,
				5061E38018B39DB90065FF91 /* NSDictionary+NSPURLEncodedParameters.m in Sources */,
				50BBEED018A04A4600AEE1CC /* NSMutableAttributedString+NSPRemoveAttributes.m in Sources */,
				50C5F2D9186992550057564D /* NSFileCoordinator+NSPCoordinateItem.m in Sources */,
				50C2CAC218B1D43A0021E514 /* NSFileManager+NSPURLForDirectoryInDomain.m in Sources */,
				50C5F2DE186992550057564D /* NSString+NSPOSType.m in Sources */,
				50C2CB2518B2C70C0021E514 /* NSURL+NSPURLWithoutParameters.m in Sources */,
				5061E38618B3A6040065FF91 /* NSPHTTPConstants.m in Sources */,
				50BBEECD18A0497E00AEE1CC /* NSMutableAttributedString+NSPString.m in Sources */,
				50C5F2DA186992550057564D /* NSHTTPURLResponse+NSPHeaderFields.m in Sources */,
				50C5F2D8186992550057564D /* NSData+NSPHexadecimalString.m in Sources */,
				50C5F2DF186992550057564D /* NSString+NSPVersion.m in Sources */,
				50B7728618B5515900D586AB /* NSMutableData+NSPAppend.m in Sources */,
				50C5F2DC186992550057564D /* NSPReachability.m in Sources */,
				50C5F2E1186992550057564D /* NSUserDefaults+AccessorForType.m in Sources */,
				509B2EA618B4DA5100C76D2D /* NSPHTTPConstants.m in Sources */,
				50C5F2DD186992550057564D /* NSPTimeIntervalFormatter.m in Sources */,
				50C5F2D6186992550057564D /* NSBundle+NSPPreferedLocalization.m in Sources */,
				50C5F2E0186992550057564D /* NSURL+NSPAppStoreSupport.m in Sources */,
				5078F43218AA19AB00770EBC /* NSString+NSPParagraphIndex.m in Sources */,
			);
			runOnlyForDeploymentPostprocessing = 0;
		};
/* End PBXSourcesBuildPhase section */

/* Begin XCBuildConfiguration section */
		50C5F2B4186991B80057564D /* Debug */ = {
			isa = XCBuildConfiguration;
			buildSettings = {
				ALWAYS_SEARCH_USER_PATHS = NO;
				ARCHS = "$(ARCHS_STANDARD_INCLUDING_64_BIT)";
				CLANG_CXX_LANGUAGE_STANDARD = "gnu++0x";
				CLANG_CXX_LIBRARY = "libc++";
				CLANG_ENABLE_MODULES = YES;
				CLANG_ENABLE_OBJC_ARC = YES;
				CLANG_WARN_BOOL_CONVERSION = YES;
				CLANG_WARN_CONSTANT_CONVERSION = YES;
				CLANG_WARN_DIRECT_OBJC_ISA_USAGE = YES_ERROR;
				CLANG_WARN_EMPTY_BODY = YES;
				CLANG_WARN_ENUM_CONVERSION = YES;
				CLANG_WARN_INT_CONVERSION = YES;
				CLANG_WARN_OBJC_ROOT_CLASS = YES_ERROR;
				CLANG_WARN__DUPLICATE_METHOD_MATCH = YES;
				COPY_PHASE_STRIP = NO;
				GCC_C_LANGUAGE_STANDARD = gnu99;
				GCC_DYNAMIC_NO_PIC = NO;
				GCC_OPTIMIZATION_LEVEL = 0;
				GCC_PREPROCESSOR_DEFINITIONS = (
					"DEBUG=1",
					"$(inherited)",
				);
				GCC_SYMBOLS_PRIVATE_EXTERN = NO;
				GCC_WARN_64_TO_32_BIT_CONVERSION = YES;
				GCC_WARN_ABOUT_RETURN_TYPE = YES_ERROR;
				GCC_WARN_UNDECLARED_SELECTOR = YES;
				GCC_WARN_UNINITIALIZED_AUTOS = YES;
				GCC_WARN_UNUSED_FUNCTION = YES;
				GCC_WARN_UNUSED_VARIABLE = YES;
				IPHONEOS_DEPLOYMENT_TARGET = 7.0;
				SDKROOT = iphoneos;
			};
			name = Debug;
		};
		50C5F2B5186991B80057564D /* Release */ = {
			isa = XCBuildConfiguration;
			buildSettings = {
				ALWAYS_SEARCH_USER_PATHS = NO;
				ARCHS = "$(ARCHS_STANDARD_INCLUDING_64_BIT)";
				CLANG_CXX_LANGUAGE_STANDARD = "gnu++0x";
				CLANG_CXX_LIBRARY = "libc++";
				CLANG_ENABLE_MODULES = YES;
				CLANG_ENABLE_OBJC_ARC = YES;
				CLANG_WARN_BOOL_CONVERSION = YES;
				CLANG_WARN_CONSTANT_CONVERSION = YES;
				CLANG_WARN_DIRECT_OBJC_ISA_USAGE = YES_ERROR;
				CLANG_WARN_EMPTY_BODY = YES;
				CLANG_WARN_ENUM_CONVERSION = YES;
				CLANG_WARN_INT_CONVERSION = YES;
				CLANG_WARN_OBJC_ROOT_CLASS = YES_ERROR;
				CLANG_WARN__DUPLICATE_METHOD_MATCH = YES;
				COPY_PHASE_STRIP = YES;
				ENABLE_NS_ASSERTIONS = NO;
				GCC_C_LANGUAGE_STANDARD = gnu99;
				GCC_WARN_64_TO_32_BIT_CONVERSION = YES;
				GCC_WARN_ABOUT_RETURN_TYPE = YES_ERROR;
				GCC_WARN_UNDECLARED_SELECTOR = YES;
				GCC_WARN_UNINITIALIZED_AUTOS = YES;
				GCC_WARN_UNUSED_FUNCTION = YES;
				GCC_WARN_UNUSED_VARIABLE = YES;
				IPHONEOS_DEPLOYMENT_TARGET = 7.0;
				SDKROOT = iphoneos;
				VALIDATE_PRODUCT = YES;
			};
			name = Release;
		};
		50C5F2B7186991B80057564D /* Debug */ = {
			isa = XCBuildConfiguration;
			buildSettings = {
				DSTROOT = /tmp/NSFoundationPlus.dst;
				GCC_PRECOMPILE_PREFIX_HEADER = YES;
				GCC_PREFIX_HEADER = "NSFoundationPlus-Prefix.pch";
				OTHER_LDFLAGS = "-ObjC";
				PRODUCT_NAME = "$(TARGET_NAME)";
				SKIP_INSTALL = YES;
			};
			name = Debug;
		};
		50C5F2B8186991B80057564D /* Release */ = {
			isa = XCBuildConfiguration;
			buildSettings = {
				DSTROOT = /tmp/NSFoundationPlus.dst;
				GCC_PRECOMPILE_PREFIX_HEADER = YES;
				GCC_PREFIX_HEADER = "NSFoundationPlus-Prefix.pch";
				OTHER_LDFLAGS = "-ObjC";
				PRODUCT_NAME = "$(TARGET_NAME)";
				SKIP_INSTALL = YES;
			};
			name = Release;
		};
/* End XCBuildConfiguration section */

/* Begin XCConfigurationList section */
		50C5F28E186991B80057564D /* Build configuration list for PBXProject "NSFoundationPlus-iOS" */ = {
			isa = XCConfigurationList;
			buildConfigurations = (
				50C5F2B4186991B80057564D /* Debug */,
				50C5F2B5186991B80057564D /* Release */,
			);
			defaultConfigurationIsVisible = 0;
			defaultConfigurationName = Release;
		};
		50C5F2B6186991B80057564D /* Build configuration list for PBXNativeTarget "NSFoundationPlus" */ = {
			isa = XCConfigurationList;
			buildConfigurations = (
				50C5F2B7186991B80057564D /* Debug */,
				50C5F2B8186991B80057564D /* Release */,
			);
			defaultConfigurationIsVisible = 0;
			defaultConfigurationName = Release;
		};
/* End XCConfigurationList section */
	};
	rootObject = 50C5F28B186991B80057564D /* Project object */;
}
