// !$*UTF8*$!
{
	archiveVersion = 1;
	classes = {
	};
	objectVersion = 46;
	objects = {

/* Begin PBXBuildFile section */
		50A40DE019C6F9CA00764B2C /* NSMutableArray+NSPExtractObject.m in Sources */ = {isa = PBXBuildFile; fileRef = 50A40DDF19C6F9CA00764B2C /* NSMutableArray+NSPExtractObject.m */; };
		50D79E1318BCFA4200058BAE /* Foundation.framework in Frameworks */ = {isa = PBXBuildFile; fileRef = 50D79E1218BCFA4200058BAE /* Foundation.framework */; };
		50D79E6318BCFA7D00058BAE /* NSBundle+NSPPreferedLocalization.m in Sources */ = {isa = PBXBuildFile; fileRef = 50D79E3A18BCFA7D00058BAE /* NSBundle+NSPPreferedLocalization.m */; };
		50D79E6418BCFA7D00058BAE /* NSData+NSPHexadecimalString.m in Sources */ = {isa = PBXBuildFile; fileRef = 50D79E3C18BCFA7D00058BAE /* NSData+NSPHexadecimalString.m */; };
		50D79E6518BCFA7D00058BAE /* NSDictionary+NSPURLEncodedParameters.m in Sources */ = {isa = PBXBuildFile; fileRef = 50D79E3E18BCFA7D00058BAE /* NSDictionary+NSPURLEncodedParameters.m */; };
		50D79E6618BCFA7D00058BAE /* NSFileCoordinator+NSPCoordinateItem.m in Sources */ = {isa = PBXBuildFile; fileRef = 50D79E4018BCFA7D00058BAE /* NSFileCoordinator+NSPCoordinateItem.m */; };
		50D79E6718BCFA7D00058BAE /* NSFileManager+NSPURLForDirectoryInDomain.m in Sources */ = {isa = PBXBuildFile; fileRef = 50D79E4218BCFA7D00058BAE /* NSFileManager+NSPURLForDirectoryInDomain.m */; };
		50D79E6818BCFA7D00058BAE /* NSHTTPURLResponse+NSPHeaderFields.m in Sources */ = {isa = PBXBuildFile; fileRef = 50D79E4618BCFA7D00058BAE /* NSHTTPURLResponse+NSPHeaderFields.m */; };
		50D79E6918BCFA7D00058BAE /* NSMutableAttributedString+NSPRemoveAttributes.m in Sources */ = {isa = PBXBuildFile; fileRef = 50D79E4818BCFA7D00058BAE /* NSMutableAttributedString+NSPRemoveAttributes.m */; };
		50D79E6A18BCFA7D00058BAE /* NSMutableAttributedString+NSPString.m in Sources */ = {isa = PBXBuildFile; fileRef = 50D79E4A18BCFA7D00058BAE /* NSMutableAttributedString+NSPString.m */; };
		50D79E6B18BCFA7D00058BAE /* NSMutableData+NSPAppend.m in Sources */ = {isa = PBXBuildFile; fileRef = 50D79E4C18BCFA7D00058BAE /* NSMutableData+NSPAppend.m */; };
		50D79E6C18BCFA7D00058BAE /* NSOperationQueue+NSPCancelOperations.m in Sources */ = {isa = PBXBuildFile; fileRef = 50D79E4E18BCFA7D00058BAE /* NSOperationQueue+NSPCancelOperations.m */; };
		50D79E6D18BCFA7D00058BAE /* NSPHTTPConstants.m in Sources */ = {isa = PBXBuildFile; fileRef = 50D79E5018BCFA7D00058BAE /* NSPHTTPConstants.m */; };
		50D79E6E18BCFA7D00058BAE /* NSPReachability.m in Sources */ = {isa = PBXBuildFile; fileRef = 50D79E5218BCFA7D00058BAE /* NSPReachability.m */; };
		50D79E6F18BCFA7D00058BAE /* NSPTimeIntervalFormatter.m in Sources */ = {isa = PBXBuildFile; fileRef = 50D79E5418BCFA7D00058BAE /* NSPTimeIntervalFormatter.m */; };
		50D79E7018BCFA7D00058BAE /* NSString+NSPOSType.m in Sources */ = {isa = PBXBuildFile; fileRef = 50D79E5618BCFA7D00058BAE /* NSString+NSPOSType.m */; };
		50D79E7118BCFA7D00058BAE /* NSString+NSPParagraphIndex.m in Sources */ = {isa = PBXBuildFile; fileRef = 50D79E5818BCFA7D00058BAE /* NSString+NSPParagraphIndex.m */; };
		50D79E7218BCFA7D00058BAE /* NSString+NSPVersion.m in Sources */ = {isa = PBXBuildFile; fileRef = 50D79E5A18BCFA7D00058BAE /* NSString+NSPVersion.m */; };
		50D79E7318BCFA7D00058BAE /* NSURL+NSPAppStoreSupport.m in Sources */ = {isa = PBXBuildFile; fileRef = 50D79E5C18BCFA7D00058BAE /* NSURL+NSPAppStoreSupport.m */; };
		50D79E7418BCFA7D00058BAE /* NSURL+NSPURLWithoutParameters.m in Sources */ = {isa = PBXBuildFile; fileRef = 50D79E5E18BCFA7D00058BAE /* NSURL+NSPURLWithoutParameters.m */; };
		50D79E7518BCFA7D00058BAE /* NSURLRequest+NSPHTTPHeaderValues.m in Sources */ = {isa = PBXBuildFile; fileRef = 50D79E6018BCFA7D00058BAE /* NSURLRequest+NSPHTTPHeaderValues.m */; };
		50D79E7618BCFA7D00058BAE /* NSUserDefaults+AccessorForType.m in Sources */ = {isa = PBXBuildFile; fileRef = 50D79E6218BCFA7D00058BAE /* NSUserDefaults+AccessorForType.m */; };
/* End PBXBuildFile section */

/* Begin PBXCopyFilesBuildPhase section */
		50D79E0D18BCFA4200058BAE /* CopyFiles */ = {
			isa = PBXCopyFilesBuildPhase;
			buildActionMask = 2147483647;
			dstPath = "include/$(PRODUCT_NAME)";
			dstSubfolderSpec = 16;
			files = (
			);
			runOnlyForDeploymentPostprocessing = 0;
		};
/* End PBXCopyFilesBuildPhase section */

/* Begin PBXFileReference section */
		50A40DDE19C6F9CA00764B2C /* NSMutableArray+NSPExtractObject.h */ = {isa = PBXFileReference; fileEncoding = 4; lastKnownFileType = sourcecode.c.h; path = "NSMutableArray+NSPExtractObject.h"; sourceTree = "<group>"; };
		50A40DDF19C6F9CA00764B2C /* NSMutableArray+NSPExtractObject.m */ = {isa = PBXFileReference; fileEncoding = 4; lastKnownFileType = sourcecode.c.objc; path = "NSMutableArray+NSPExtractObject.m"; sourceTree = "<group>"; };
		50D79E0F18BCFA4200058BAE /* libNSFoundationPlus.a */ = {isa = PBXFileReference; explicitFileType = archive.ar; includeInIndex = 0; path = libNSFoundationPlus.a; sourceTree = BUILT_PRODUCTS_DIR; };
		50D79E1218BCFA4200058BAE /* Foundation.framework */ = {isa = PBXFileReference; lastKnownFileType = wrapper.framework; name = Foundation.framework; path = System/Library/Frameworks/Foundation.framework; sourceTree = SDKROOT; };
		50D79E2018BCFA4200058BAE /* XCTest.framework */ = {isa = PBXFileReference; lastKnownFileType = wrapper.framework; name = XCTest.framework; path = Library/Frameworks/XCTest.framework; sourceTree = DEVELOPER_DIR; };
		50D79E2318BCFA4200058BAE /* UIKit.framework */ = {isa = PBXFileReference; lastKnownFileType = wrapper.framework; name = UIKit.framework; path = Library/Frameworks/UIKit.framework; sourceTree = DEVELOPER_DIR; };
		50D79E3918BCFA7D00058BAE /* NSBundle+NSPPreferedLocalization.h */ = {isa = PBXFileReference; fileEncoding = 4; lastKnownFileType = sourcecode.c.h; path = "NSBundle+NSPPreferedLocalization.h"; sourceTree = "<group>"; };
		50D79E3A18BCFA7D00058BAE /* NSBundle+NSPPreferedLocalization.m */ = {isa = PBXFileReference; fileEncoding = 4; lastKnownFileType = sourcecode.c.objc; path = "NSBundle+NSPPreferedLocalization.m"; sourceTree = "<group>"; };
		50D79E3B18BCFA7D00058BAE /* NSData+NSPHexadecimalString.h */ = {isa = PBXFileReference; fileEncoding = 4; lastKnownFileType = sourcecode.c.h; path = "NSData+NSPHexadecimalString.h"; sourceTree = "<group>"; };
		50D79E3C18BCFA7D00058BAE /* NSData+NSPHexadecimalString.m */ = {isa = PBXFileReference; fileEncoding = 4; lastKnownFileType = sourcecode.c.objc; path = "NSData+NSPHexadecimalString.m"; sourceTree = "<group>"; };
		50D79E3D18BCFA7D00058BAE /* NSDictionary+NSPURLEncodedParameters.h */ = {isa = PBXFileReference; fileEncoding = 4; lastKnownFileType = sourcecode.c.h; path = "NSDictionary+NSPURLEncodedParameters.h"; sourceTree = "<group>"; };
		50D79E3E18BCFA7D00058BAE /* NSDictionary+NSPURLEncodedParameters.m */ = {isa = PBXFileReference; fileEncoding = 4; lastKnownFileType = sourcecode.c.objc; path = "NSDictionary+NSPURLEncodedParameters.m"; sourceTree = "<group>"; };
		50D79E3F18BCFA7D00058BAE /* NSFileCoordinator+NSPCoordinateItem.h */ = {isa = PBXFileReference; fileEncoding = 4; lastKnownFileType = sourcecode.c.h; path = "NSFileCoordinator+NSPCoordinateItem.h"; sourceTree = "<group>"; };
		50D79E4018BCFA7D00058BAE /* NSFileCoordinator+NSPCoordinateItem.m */ = {isa = PBXFileReference; fileEncoding = 4; lastKnownFileType = sourcecode.c.objc; path = "NSFileCoordinator+NSPCoordinateItem.m"; sourceTree = "<group>"; };
		50D79E4118BCFA7D00058BAE /* NSFileManager+NSPURLForDirectoryInDomain.h */ = {isa = PBXFileReference; fileEncoding = 4; lastKnownFileType = sourcecode.c.h; path = "NSFileManager+NSPURLForDirectoryInDomain.h"; sourceTree = "<group>"; };
		50D79E4218BCFA7D00058BAE /* NSFileManager+NSPURLForDirectoryInDomain.m */ = {isa = PBXFileReference; fileEncoding = 4; lastKnownFileType = sourcecode.c.objc; path = "NSFileManager+NSPURLForDirectoryInDomain.m"; sourceTree = "<group>"; };
		50D79E4318BCFA7D00058BAE /* NSFoundationPlus-Prefix.pch */ = {isa = PBXFileReference; fileEncoding = 4; lastKnownFileType = sourcecode.c.h; path = "NSFoundationPlus-Prefix.pch"; sourceTree = "<group>"; };
		50D79E4418BCFA7D00058BAE /* NSFoundationPlus.h */ = {isa = PBXFileReference; fileEncoding = 4; lastKnownFileType = sourcecode.c.h; path = NSFoundationPlus.h; sourceTree = "<group>"; };
		50D79E4518BCFA7D00058BAE /* NSHTTPURLResponse+NSPHeaderFields.h */ = {isa = PBXFileReference; fileEncoding = 4; lastKnownFileType = sourcecode.c.h; path = "NSHTTPURLResponse+NSPHeaderFields.h"; sourceTree = "<group>"; };
		50D79E4618BCFA7D00058BAE /* NSHTTPURLResponse+NSPHeaderFields.m */ = {isa = PBXFileReference; fileEncoding = 4; lastKnownFileType = sourcecode.c.objc; path = "NSHTTPURLResponse+NSPHeaderFields.m"; sourceTree = "<group>"; };
		50D79E4718BCFA7D00058BAE /* NSMutableAttributedString+NSPRemoveAttributes.h */ = {isa = PBXFileReference; fileEncoding = 4; lastKnownFileType = sourcecode.c.h; path = "NSMutableAttributedString+NSPRemoveAttributes.h"; sourceTree = "<group>"; };
		50D79E4818BCFA7D00058BAE /* NSMutableAttributedString+NSPRemoveAttributes.m */ = {isa = PBXFileReference; fileEncoding = 4; lastKnownFileType = sourcecode.c.objc; path = "NSMutableAttributedString+NSPRemoveAttributes.m"; sourceTree = "<group>"; };
		50D79E4918BCFA7D00058BAE /* NSMutableAttributedString+NSPString.h */ = {isa = PBXFileReference; fileEncoding = 4; lastKnownFileType = sourcecode.c.h; path = "NSMutableAttributedString+NSPString.h"; sourceTree = "<group>"; };
		50D79E4A18BCFA7D00058BAE /* NSMutableAttributedString+NSPString.m */ = {isa = PBXFileReference; fileEncoding = 4; lastKnownFileType = sourcecode.c.objc; path = "NSMutableAttributedString+NSPString.m"; sourceTree = "<group>"; };
		50D79E4B18BCFA7D00058BAE /* NSMutableData+NSPAppend.h */ = {isa = PBXFileReference; fileEncoding = 4; lastKnownFileType = sourcecode.c.h; path = "NSMutableData+NSPAppend.h"; sourceTree = "<group>"; };
		50D79E4C18BCFA7D00058BAE /* NSMutableData+NSPAppend.m */ = {isa = PBXFileReference; fileEncoding = 4; lastKnownFileType = sourcecode.c.objc; path = "NSMutableData+NSPAppend.m"; sourceTree = "<group>"; };
		50D79E4D18BCFA7D00058BAE /* NSOperationQueue+NSPCancelOperations.h */ = {isa = PBXFileReference; fileEncoding = 4; lastKnownFileType = sourcecode.c.h; path = "NSOperationQueue+NSPCancelOperations.h"; sourceTree = "<group>"; };
		50D79E4E18BCFA7D00058BAE /* NSOperationQueue+NSPCancelOperations.m */ = {isa = PBXFileReference; fileEncoding = 4; lastKnownFileType = sourcecode.c.objc; path = "NSOperationQueue+NSPCancelOperations.m"; sourceTree = "<group>"; };
		50D79E4F18BCFA7D00058BAE /* NSPHTTPConstants.h */ = {isa = PBXFileReference; fileEncoding = 4; lastKnownFileType = sourcecode.c.h; path = NSPHTTPConstants.h; sourceTree = "<group>"; };
		50D79E5018BCFA7D00058BAE /* NSPHTTPConstants.m */ = {isa = PBXFileReference; fileEncoding = 4; lastKnownFileType = sourcecode.c.objc; path = NSPHTTPConstants.m; sourceTree = "<group>"; };
		50D79E5118BCFA7D00058BAE /* NSPReachability.h */ = {isa = PBXFileReference; fileEncoding = 4; lastKnownFileType = sourcecode.c.h; path = NSPReachability.h; sourceTree = "<group>"; };
		50D79E5218BCFA7D00058BAE /* NSPReachability.m */ = {isa = PBXFileReference; fileEncoding = 4; lastKnownFileType = sourcecode.c.objc; path = NSPReachability.m; sourceTree = "<group>"; };
		50D79E5318BCFA7D00058BAE /* NSPTimeIntervalFormatter.h */ = {isa = PBXFileReference; fileEncoding = 4; lastKnownFileType = sourcecode.c.h; path = NSPTimeIntervalFormatter.h; sourceTree = "<group>"; };
		50D79E5418BCFA7D00058BAE /* NSPTimeIntervalFormatter.m */ = {isa = PBXFileReference; fileEncoding = 4; lastKnownFileType = sourcecode.c.objc; path = NSPTimeIntervalFormatter.m; sourceTree = "<group>"; };
		50D79E5518BCFA7D00058BAE /* NSString+NSPOSType.h */ = {isa = PBXFileReference; fileEncoding = 4; lastKnownFileType = sourcecode.c.h; path = "NSString+NSPOSType.h"; sourceTree = "<group>"; };
		50D79E5618BCFA7D00058BAE /* NSString+NSPOSType.m */ = {isa = PBXFileReference; fileEncoding = 4; lastKnownFileType = sourcecode.c.objc; path = "NSString+NSPOSType.m"; sourceTree = "<group>"; };
		50D79E5718BCFA7D00058BAE /* NSString+NSPParagraphIndex.h */ = {isa = PBXFileReference; fileEncoding = 4; lastKnownFileType = sourcecode.c.h; path = "NSString+NSPParagraphIndex.h"; sourceTree = "<group>"; };
		50D79E5818BCFA7D00058BAE /* NSString+NSPParagraphIndex.m */ = {isa = PBXFileReference; fileEncoding = 4; lastKnownFileType = sourcecode.c.objc; path = "NSString+NSPParagraphIndex.m"; sourceTree = "<group>"; };
		50D79E5918BCFA7D00058BAE /* NSString+NSPVersion.h */ = {isa = PBXFileReference; fileEncoding = 4; lastKnownFileType = sourcecode.c.h; path = "NSString+NSPVersion.h"; sourceTree = "<group>"; };
		50D79E5A18BCFA7D00058BAE /* NSString+NSPVersion.m */ = {isa = PBXFileReference; fileEncoding = 4; lastKnownFileType = sourcecode.c.objc; path = "NSString+NSPVersion.m"; sourceTree = "<group>"; };
		50D79E5B18BCFA7D00058BAE /* NSURL+NSPAppStoreSupport.h */ = {isa = PBXFileReference; fileEncoding = 4; lastKnownFileType = sourcecode.c.h; path = "NSURL+NSPAppStoreSupport.h"; sourceTree = "<group>"; };
		50D79E5C18BCFA7D00058BAE /* NSURL+NSPAppStoreSupport.m */ = {isa = PBXFileReference; fileEncoding = 4; lastKnownFileType = sourcecode.c.objc; path = "NSURL+NSPAppStoreSupport.m"; sourceTree = "<group>"; };
		50D79E5D18BCFA7D00058BAE /* NSURL+NSPURLWithoutParameters.h */ = {isa = PBXFileReference; fileEncoding = 4; lastKnownFileType = sourcecode.c.h; path = "NSURL+NSPURLWithoutParameters.h"; sourceTree = "<group>"; };
		50D79E5E18BCFA7D00058BAE /* NSURL+NSPURLWithoutParameters.m */ = {isa = PBXFileReference; fileEncoding = 4; lastKnownFileType = sourcecode.c.objc; path = "NSURL+NSPURLWithoutParameters.m"; sourceTree = "<group>"; };
		50D79E5F18BCFA7D00058BAE /* NSURLRequest+NSPHTTPHeaderValues.h */ = {isa = PBXFileReference; fileEncoding = 4; lastKnownFileType = sourcecode.c.h; path = "NSURLRequest+NSPHTTPHeaderValues.h"; sourceTree = "<group>"; };
		50D79E6018BCFA7D00058BAE /* NSURLRequest+NSPHTTPHeaderValues.m */ = {isa = PBXFileReference; fileEncoding = 4; lastKnownFileType = sourcecode.c.objc; path = "NSURLRequest+NSPHTTPHeaderValues.m"; sourceTree = "<group>"; };
		50D79E6118BCFA7D00058BAE /* NSUserDefaults+AccessorForType.h */ = {isa = PBXFileReference; fileEncoding = 4; lastKnownFileType = sourcecode.c.h; path = "NSUserDefaults+AccessorForType.h"; sourceTree = "<group>"; };
		50D79E6218BCFA7D00058BAE /* NSUserDefaults+AccessorForType.m */ = {isa = PBXFileReference; fileEncoding = 4; lastKnownFileType = sourcecode.c.objc; path = "NSUserDefaults+AccessorForType.m"; sourceTree = "<group>"; };
/* End PBXFileReference section */

/* Begin PBXFrameworksBuildPhase section */
		50D79E0C18BCFA4200058BAE /* Frameworks */ = {
			isa = PBXFrameworksBuildPhase;
			buildActionMask = 2147483647;
			files = (
				50D79E1318BCFA4200058BAE /* Foundation.framework in Frameworks */,
			);
			runOnlyForDeploymentPostprocessing = 0;
		};
/* End PBXFrameworksBuildPhase section */

/* Begin PBXGroup section */
		50D79E0618BCFA4100058BAE = {
			isa = PBXGroup;
			children = (
				50D79E3818BCFA6D00058BAE /* NSFoundationPlus */,
				50D79E1118BCFA4200058BAE /* Frameworks */,
				50D79E1018BCFA4200058BAE /* Products */,
			);
			sourceTree = "<group>";
		};
		50D79E1018BCFA4200058BAE /* Products */ = {
			isa = PBXGroup;
			children = (
				50D79E0F18BCFA4200058BAE /* libNSFoundationPlus.a */,
			);
			name = Products;
			sourceTree = "<group>";
		};
		50D79E1118BCFA4200058BAE /* Frameworks */ = {
			isa = PBXGroup;
			children = (
				50D79E1218BCFA4200058BAE /* Foundation.framework */,
				50D79E2018BCFA4200058BAE /* XCTest.framework */,
				50D79E2318BCFA4200058BAE /* UIKit.framework */,
			);
			name = Frameworks;
			sourceTree = "<group>";
		};
		50D79E3818BCFA6D00058BAE /* NSFoundationPlus */ = {
			isa = PBXGroup;
			children = (
				50D79E4418BCFA7D00058BAE /* NSFoundationPlus.h */,
				50D79E4318BCFA7D00058BAE /* NSFoundationPlus-Prefix.pch */,
				50D79E3918BCFA7D00058BAE /* NSBundle+NSPPreferedLocalization.h */,
				50D79E3A18BCFA7D00058BAE /* NSBundle+NSPPreferedLocalization.m */,
				50D79E3B18BCFA7D00058BAE /* NSData+NSPHexadecimalString.h */,
				50D79E3C18BCFA7D00058BAE /* NSData+NSPHexadecimalString.m */,
				50D79E3D18BCFA7D00058BAE /* NSDictionary+NSPURLEncodedParameters.h */,
				50D79E3E18BCFA7D00058BAE /* NSDictionary+NSPURLEncodedParameters.m */,
				50D79E3F18BCFA7D00058BAE /* NSFileCoordinator+NSPCoordinateItem.h */,
				50D79E4018BCFA7D00058BAE /* NSFileCoordinator+NSPCoordinateItem.m */,
				50D79E4118BCFA7D00058BAE /* NSFileManager+NSPURLForDirectoryInDomain.h */,
				50D79E4218BCFA7D00058BAE /* NSFileManager+NSPURLForDirectoryInDomain.m */,
				50D79E4518BCFA7D00058BAE /* NSHTTPURLResponse+NSPHeaderFields.h */,
				50D79E4618BCFA7D00058BAE /* NSHTTPURLResponse+NSPHeaderFields.m */,
				50A40DDE19C6F9CA00764B2C /* NSMutableArray+NSPExtractObject.h */,
				50A40DDF19C6F9CA00764B2C /* NSMutableArray+NSPExtractObject.m */,
				50D79E7718BCFAA300058BAE /* NSMutableAttributedString */,
				50D79E4B18BCFA7D00058BAE /* NSMutableData+NSPAppend.h */,
				50D79E4C18BCFA7D00058BAE /* NSMutableData+NSPAppend.m */,
				50D79E4D18BCFA7D00058BAE /* NSOperationQueue+NSPCancelOperations.h */,
				50D79E4E18BCFA7D00058BAE /* NSOperationQueue+NSPCancelOperations.m */,
				50D79E4F18BCFA7D00058BAE /* NSPHTTPConstants.h */,
				50D79E5018BCFA7D00058BAE /* NSPHTTPConstants.m */,
				50D79E5118BCFA7D00058BAE /* NSPReachability.h */,
				50D79E5218BCFA7D00058BAE /* NSPReachability.m */,
				50D79E5318BCFA7D00058BAE /* NSPTimeIntervalFormatter.h */,
				50D79E5418BCFA7D00058BAE /* NSPTimeIntervalFormatter.m */,
				50D79E7818BCFAB400058BAE /* NSString */,
				50D79E7918BCFACB00058BAE /* NSURL */,
				50D79E5F18BCFA7D00058BAE /* NSURLRequest+NSPHTTPHeaderValues.h */,
				50D79E6018BCFA7D00058BAE /* NSURLRequest+NSPHTTPHeaderValues.m */,
				50D79E6118BCFA7D00058BAE /* NSUserDefaults+AccessorForType.h */,
				50D79E6218BCFA7D00058BAE /* NSUserDefaults+AccessorForType.m */,
			);
			name = NSFoundationPlus;
			sourceTree = "<group>";
		};
		50D79E7718BCFAA300058BAE /* NSMutableAttributedString */ = {
			isa = PBXGroup;
			children = (
				50D79E4718BCFA7D00058BAE /* NSMutableAttributedString+NSPRemoveAttributes.h */,
				50D79E4818BCFA7D00058BAE /* NSMutableAttributedString+NSPRemoveAttributes.m */,
				50D79E4918BCFA7D00058BAE /* NSMutableAttributedString+NSPString.h */,
				50D79E4A18BCFA7D00058BAE /* NSMutableAttributedString+NSPString.m */,
			);
			name = NSMutableAttributedString;
			sourceTree = "<group>";
		};
		50D79E7818BCFAB400058BAE /* NSString */ = {
			isa = PBXGroup;
			children = (
				50D79E5518BCFA7D00058BAE /* NSString+NSPOSType.h */,
				50D79E5618BCFA7D00058BAE /* NSString+NSPOSType.m */,
				50D79E5718BCFA7D00058BAE /* NSString+NSPParagraphIndex.h */,
				50D79E5818BCFA7D00058BAE /* NSString+NSPParagraphIndex.m */,
				50D79E5918BCFA7D00058BAE /* NSString+NSPVersion.h */,
				50D79E5A18BCFA7D00058BAE /* NSString+NSPVersion.m */,
			);
			name = NSString;
			sourceTree = "<group>";
		};
		50D79E7918BCFACB00058BAE /* NSURL */ = {
			isa = PBXGroup;
			children = (
				50D79E5B18BCFA7D00058BAE /* NSURL+NSPAppStoreSupport.h */,
				50D79E5C18BCFA7D00058BAE /* NSURL+NSPAppStoreSupport.m */,
				50D79E5D18BCFA7D00058BAE /* NSURL+NSPURLWithoutParameters.h */,
				50D79E5E18BCFA7D00058BAE /* NSURL+NSPURLWithoutParameters.m */,
			);
			name = NSURL;
			sourceTree = "<group>";
		};
/* End PBXGroup section */

/* Begin PBXNativeTarget section */
		50D79E0E18BCFA4200058BAE /* NSFoundationPlus */ = {
			isa = PBXNativeTarget;
			buildConfigurationList = 50D79E3218BCFA4200058BAE /* Build configuration list for PBXNativeTarget "NSFoundationPlus" */;
			buildPhases = (
				50D79E0B18BCFA4200058BAE /* Sources */,
				50D79E0C18BCFA4200058BAE /* Frameworks */,
				50D79E0D18BCFA4200058BAE /* CopyFiles */,
			);
			buildRules = (
			);
			dependencies = (
			);
			name = NSFoundationPlus;
			productName = NSFoundationPlus;
			productReference = 50D79E0F18BCFA4200058BAE /* libNSFoundationPlus.a */;
			productType = "com.apple.product-type.library.static";
		};
/* End PBXNativeTarget section */

/* Begin PBXProject section */
		50D79E0718BCFA4100058BAE /* Project object */ = {
			isa = PBXProject;
			attributes = {
				LastUpgradeCheck = 0510;
				ORGANIZATIONNAME = McZonk;
			};
			buildConfigurationList = 50D79E0A18BCFA4100058BAE /* Build configuration list for PBXProject "NSFoundationPlus-iOS" */;
			compatibilityVersion = "Xcode 3.2";
			developmentRegion = English;
			hasScannedForEncodings = 0;
			knownRegions = (
				en,
			);
			mainGroup = 50D79E0618BCFA4100058BAE;
			productRefGroup = 50D79E1018BCFA4200058BAE /* Products */;
			projectDirPath = "";
			projectRoot = "";
			targets = (
				50D79E0E18BCFA4200058BAE /* NSFoundationPlus */,
			);
		};
/* End PBXProject section */

/* Begin PBXSourcesBuildPhase section */
		50D79E0B18BCFA4200058BAE /* Sources */ = {
			isa = PBXSourcesBuildPhase;
			buildActionMask = 2147483647;
			files = (
				50D79E7618BCFA7D00058BAE /* NSUserDefaults+AccessorForType.m in Sources */,
				50D79E6618BCFA7D00058BAE /* NSFileCoordinator+NSPCoordinateItem.m in Sources */,
				50D79E7018BCFA7D00058BAE /* NSString+NSPOSType.m in Sources */,
				50D79E6918BCFA7D00058BAE /* NSMutableAttributedString+NSPRemoveAttributes.m in Sources */,
				50D79E6E18BCFA7D00058BAE /* NSPReachability.m in Sources */,
				50A40DE019C6F9CA00764B2C /* NSMutableArray+NSPExtractObject.m in Sources */,
				50D79E6818BCFA7D00058BAE /* NSHTTPURLResponse+NSPHeaderFields.m in Sources */,
				50D79E6B18BCFA7D00058BAE /* NSMutableData+NSPAppend.m in Sources */,
				50D79E6D18BCFA7D00058BAE /* NSPHTTPConstants.m in Sources */,
				50D79E6F18BCFA7D00058BAE /* NSPTimeIntervalFormatter.m in Sources */,
				50D79E7318BCFA7D00058BAE /* NSURL+NSPAppStoreSupport.m in Sources */,
				50D79E6518BCFA7D00058BAE /* NSDictionary+NSPURLEncodedParameters.m in Sources */,
				50D79E7518BCFA7D00058BAE /* NSURLRequest+NSPHTTPHeaderValues.m in Sources */,
				50D79E6318BCFA7D00058BAE /* NSBundle+NSPPreferedLocalization.m in Sources */,
				50D79E7218BCFA7D00058BAE /* NSString+NSPVersion.m in Sources */,
				50D79E6C18BCFA7D00058BAE /* NSOperationQueue+NSPCancelOperations.m in Sources */,
				50D79E6A18BCFA7D00058BAE /* NSMutableAttributedString+NSPString.m in Sources */,
				50D79E6718BCFA7D00058BAE /* NSFileManager+NSPURLForDirectoryInDomain.m in Sources */,
				50D79E6418BCFA7D00058BAE /* NSData+NSPHexadecimalString.m in Sources */,
				50D79E7118BCFA7D00058BAE /* NSString+NSPParagraphIndex.m in Sources */,
				50D79E7418BCFA7D00058BAE /* NSURL+NSPURLWithoutParameters.m in Sources */,
			);
			runOnlyForDeploymentPostprocessing = 0;
		};
/* End PBXSourcesBuildPhase section */

/* Begin XCBuildConfiguration section */
		50D79E3018BCFA4200058BAE /* Debug */ = {
			isa = XCBuildConfiguration;
			buildSettings = {
				ALWAYS_SEARCH_USER_PATHS = NO;
				ARCHS = "$(ARCHS_STANDARD_INCLUDING_64_BIT)";
				CLANG_CXX_LANGUAGE_STANDARD = "gnu++0x";
				CLANG_CXX_LIBRARY = "libc++";
				CLANG_ENABLE_MODULES = YES;
				CLANG_ENABLE_OBJC_ARC = YES;
				CLANG_WARN_BOOL_CONVERSION = YES;
				CLANG_WARN_CONSTANT_CONVERSION = YES;
				CLANG_WARN_DIRECT_OBJC_ISA_USAGE = YES_ERROR;
				CLANG_WARN_EMPTY_BODY = YES;
				CLANG_WARN_ENUM_CONVERSION = YES;
				CLANG_WARN_INT_CONVERSION = YES;
				CLANG_WARN_OBJC_ROOT_CLASS = YES_ERROR;
				CLANG_WARN__DUPLICATE_METHOD_MATCH = YES;
				COPY_PHASE_STRIP = NO;
				GCC_C_LANGUAGE_STANDARD = gnu99;
				GCC_DYNAMIC_NO_PIC = NO;
				GCC_OPTIMIZATION_LEVEL = 0;
				GCC_PREPROCESSOR_DEFINITIONS = (
					"DEBUG=1",
					"$(inherited)",
				);
				GCC_SYMBOLS_PRIVATE_EXTERN = NO;
				GCC_WARN_64_TO_32_BIT_CONVERSION = YES;
				GCC_WARN_ABOUT_RETURN_TYPE = YES_ERROR;
				GCC_WARN_UNDECLARED_SELECTOR = YES;
				GCC_WARN_UNINITIALIZED_AUTOS = YES_AGGRESSIVE;
				GCC_WARN_UNUSED_FUNCTION = YES;
				GCC_WARN_UNUSED_VARIABLE = YES;
				IPHONEOS_DEPLOYMENT_TARGET = 7.1;
				ONLY_ACTIVE_ARCH = YES;
				SDKROOT = iphoneos;
			};
			name = Debug;
		};
		50D79E3118BCFA4200058BAE /* Release */ = {
			isa = XCBuildConfiguration;
			buildSettings = {
				ALWAYS_SEARCH_USER_PATHS = NO;
				ARCHS = "$(ARCHS_STANDARD_INCLUDING_64_BIT)";
				CLANG_CXX_LANGUAGE_STANDARD = "gnu++0x";
				CLANG_CXX_LIBRARY = "libc++";
				CLANG_ENABLE_MODULES = YES;
				CLANG_ENABLE_OBJC_ARC = YES;
				CLANG_WARN_BOOL_CONVERSION = YES;
				CLANG_WARN_CONSTANT_CONVERSION = YES;
				CLANG_WARN_DIRECT_OBJC_ISA_USAGE = YES_ERROR;
				CLANG_WARN_EMPTY_BODY = YES;
				CLANG_WARN_ENUM_CONVERSION = YES;
				CLANG_WARN_INT_CONVERSION = YES;
				CLANG_WARN_OBJC_ROOT_CLASS = YES_ERROR;
				CLANG_WARN__DUPLICATE_METHOD_MATCH = YES;
				COPY_PHASE_STRIP = YES;
				ENABLE_NS_ASSERTIONS = NO;
				GCC_C_LANGUAGE_STANDARD = gnu99;
				GCC_WARN_64_TO_32_BIT_CONVERSION = YES;
				GCC_WARN_ABOUT_RETURN_TYPE = YES_ERROR;
				GCC_WARN_UNDECLARED_SELECTOR = YES;
				GCC_WARN_UNINITIALIZED_AUTOS = YES_AGGRESSIVE;
				GCC_WARN_UNUSED_FUNCTION = YES;
				GCC_WARN_UNUSED_VARIABLE = YES;
				IPHONEOS_DEPLOYMENT_TARGET = 7.1;
				SDKROOT = iphoneos;
				VALIDATE_PRODUCT = YES;
			};
			name = Release;
		};
		50D79E3318BCFA4200058BAE /* Debug */ = {
			isa = XCBuildConfiguration;
			buildSettings = {
				DSTROOT = /tmp/NSFoundationPlus.dst;
				GCC_PRECOMPILE_PREFIX_HEADER = YES;
				GCC_PREFIX_HEADER = "NSFoundationPlus-Prefix.pch";
				OTHER_LDFLAGS = "-ObjC";
				PRODUCT_NAME = "$(TARGET_NAME)";
				SKIP_INSTALL = YES;
			};
			name = Debug;
		};
		50D79E3418BCFA4200058BAE /* Release */ = {
			isa = XCBuildConfiguration;
			buildSettings = {
				DSTROOT = /tmp/NSFoundationPlus.dst;
				GCC_PRECOMPILE_PREFIX_HEADER = YES;
				GCC_PREFIX_HEADER = "NSFoundationPlus-Prefix.pch";
				OTHER_LDFLAGS = "-ObjC";
				PRODUCT_NAME = "$(TARGET_NAME)";
				SKIP_INSTALL = YES;
			};
			name = Release;
		};
/* End XCBuildConfiguration section */

/* Begin XCConfigurationList section */
		50D79E0A18BCFA4100058BAE /* Build configuration list for PBXProject "NSFoundationPlus-iOS" */ = {
			isa = XCConfigurationList;
			buildConfigurations = (
				50D79E3018BCFA4200058BAE /* Debug */,
				50D79E3118BCFA4200058BAE /* Release */,
			);
			defaultConfigurationIsVisible = 0;
			defaultConfigurationName = Release;
		};
		50D79E3218BCFA4200058BAE /* Build configuration list for PBXNativeTarget "NSFoundationPlus" */ = {
			isa = XCConfigurationList;
			buildConfigurations = (
				50D79E3318BCFA4200058BAE /* Debug */,
				50D79E3418BCFA4200058BAE /* Release */,
			);
			defaultConfigurationIsVisible = 0;
			defaultConfigurationName = Release;
		};
/* End XCConfigurationList section */
	};
	rootObject = 50D79E0718BCFA4100058BAE /* Project object */;
}
